
Microsoft Visual Studio Solution File, Format Version 12.00
# Visual Studio Version 16
VisualStudioVersion = 16.0.31313.79
MinimumVisualStudioVersion = 10.0.40219.1
Project("{FAE04EC0-301F-11D3-BF4B-00C04F79EFBC}") = "poisckFerzei", "poisckFerzei.csproj", "{51CAF609-8497-4A7D-96AF-73DCBF936119}"
EndProject
Global
	GlobalSection(SolutionConfigurationPlatforms) = preSolution
		Debug|Any CPU = Debug|Any CPU
		Release|Any CPU = Release|Any CPU
	EndGlobalSection
	GlobalSection(ProjectConfigurationPlatforms) = postSolution
		{51CAF609-8497-4A7D-96AF-73DCBF936119}.Debug|Any CPU.ActiveCfg = Debug|Any CPU
		{51CAF609-8497-4A7D-96AF-73DCBF936119}.Debug|Any CPU.Build.0 = Debug|Any CPU
		{51CAF609-8497-4A7D-96AF-73DCBF936119}.Release|Any CPU.ActiveCfg = Release|Any CPU
		{51CAF609-8497-4A7D-96AF-73DCBF936119}.Release|Any CPU.Build.0 = Release|Any CPU
	EndGlobalSection
	GlobalSection(SolutionProperties) = preSolution
		HideSolutionNode = FALSE
	EndGlobalSection
	GlobalSection(ExtensibilityGlobals) = postSolution
		SolutionGuid = {99E1FD53-44F7-4A28-BC66-AC20A20A922B}
	EndGlobalSection
EndGlobal
